
Microsoft Visual Studio Solution File, Format Version 12.00
# Visual Studio Version 17
VisualStudioVersion = 17.6.33829.357
MinimumVisualStudioVersion = 10.0.40219.1
Project("{FAE04EC0-301F-11D3-BF4B-00C04F79EFBC}") = "StackOverFlowClone", "StackOverFlowClone\StackOverFlowClone.csproj", "{A71018ED-62CF-4C15-A81E-02AF5C69E952}"
EndProject
Project("{FAE04EC0-301F-11D3-BF4B-00C04F79EFBC}") = "StackOverFlowClone.DomainModels", "StackOverFlowClone.DomainModels\StackOverFlowClone.DomainModels.csproj", "{62643DD2-C16C-4703-BAC4-9AA2187D89A4}"
EndProject
Project("{FAE04EC0-301F-11D3-BF4B-00C04F79EFBC}") = "StackOverFlowClone.ViewModels", "StackOverFlowClone.ViewModels\StackOverFlowClone.ViewModels.csproj", "{A8C7CAC1-1C47-41B6-ABF9-0B376429E08C}"
EndProject
Project("{FAE04EC0-301F-11D3-BF4B-00C04F79EFBC}") = "StackOverFlowClone.Repositories", "StackOverFlowClone.Repositories\StackOverFlowClone.Repositories.csproj", "{F1024CC6-BFAB-4565-8C20-E18FA26E4D52}"
EndProject
Project("{FAE04EC0-301F-11D3-BF4B-00C04F79EFBC}") = "StackOverFlowClone.ServiceLayer", "StackOverFlowClone.ServiceLayer\StackOverFlowClone.ServiceLayer.csproj", "{917853A6-2AF8-4422-8452-2472380397FC}"
EndProject
Global
	GlobalSection(SolutionConfigurationPlatforms) = preSolution
		Debug|Any CPU = Debug|Any CPU
		Release|Any CPU = Release|Any CPU
	EndGlobalSection
	GlobalSection(ProjectConfigurationPlatforms) = postSolution
		{A71018ED-62CF-4C15-A81E-02AF5C69E952}.Debug|Any CPU.ActiveCfg = Debug|Any CPU
		{A71018ED-62CF-4C15-A81E-02AF5C69E952}.Debug|Any CPU.Build.0 = Debug|Any CPU
		{A71018ED-62CF-4C15-A81E-02AF5C69E952}.Release|Any CPU.ActiveCfg = Release|Any CPU
		{A71018ED-62CF-4C15-A81E-02AF5C69E952}.Release|Any CPU.Build.0 = Release|Any CPU
		{62643DD2-C16C-4703-BAC4-9AA2187D89A4}.Debug|Any CPU.ActiveCfg = Debug|Any CPU
		{62643DD2-C16C-4703-BAC4-9AA2187D89A4}.Debug|Any CPU.Build.0 = Debug|Any CPU
		{62643DD2-C16C-4703-BAC4-9AA2187D89A4}.Release|Any CPU.ActiveCfg = Release|Any CPU
		{62643DD2-C16C-4703-BAC4-9AA2187D89A4}.Release|Any CPU.Build.0 = Release|Any CPU
		{A8C7CAC1-1C47-41B6-ABF9-0B376429E08C}.Debug|Any CPU.ActiveCfg = Debug|Any CPU
		{A8C7CAC1-1C47-41B6-ABF9-0B376429E08C}.Debug|Any CPU.Build.0 = Debug|Any CPU
		{A8C7CAC1-1C47-41B6-ABF9-0B376429E08C}.Release|Any CPU.ActiveCfg = Release|Any CPU
		{A8C7CAC1-1C47-41B6-ABF9-0B376429E08C}.Release|Any CPU.Build.0 = Release|Any CPU
		{F1024CC6-BFAB-4565-8C20-E18FA26E4D52}.Debug|Any CPU.ActiveCfg = Debug|Any CPU
		{F1024CC6-BFAB-4565-8C20-E18FA26E4D52}.Debug|Any CPU.Build.0 = Debug|Any CPU
		{F1024CC6-BFAB-4565-8C20-E18FA26E4D52}.Release|Any CPU.ActiveCfg = Release|Any CPU
		{F1024CC6-BFAB-4565-8C20-E18FA26E4D52}.Release|Any CPU.Build.0 = Release|Any CPU
		{917853A6-2AF8-4422-8452-2472380397FC}.Debug|Any CPU.ActiveCfg = Debug|Any CPU
		{917853A6-2AF8-4422-8452-2472380397FC}.Debug|Any CPU.Build.0 = Debug|Any CPU
		{917853A6-2AF8-4422-8452-2472380397FC}.Release|Any CPU.ActiveCfg = Release|Any CPU
		{917853A6-2AF8-4422-8452-2472380397FC}.Release|Any CPU.Build.0 = Release|Any CPU
	EndGlobalSection
	GlobalSection(SolutionProperties) = preSolution
		HideSolutionNode = FALSE
	EndGlobalSection
	GlobalSection(ExtensibilityGlobals) = postSolution
		SolutionGuid = {95C279C1-5692-42FB-93F2-996B0ACCCD59}
	EndGlobalSection
EndGlobal
